<?xml version="1.0" encoding="utf-8"?>
<Project ToolsVersion="4.0" xmlns="http://schemas.microsoft.com/developer/msbuild/2003">
  <ItemGroup>
    <Filter Include="Source Files">
      <UniqueIdentifier>{4FC737F1-C7A5-4376-A066-2A32D752A2FF}</UniqueIdentifier>
      <Extensions>cpp;c;cc;cxx;def;odl;idl;hpj;bat;asm;asmx</Extensions>
    </Filter>
    <Filter Include="Header Files">
      <UniqueIdentifier>{93995380-89BD-4b04-88EB-625FBE52EBFB}</UniqueIdentifier>
      <Extensions>h;hpp;hxx;hm;inl;inc;xsd</Extensions>
    </Filter>
    <Filter Include="Resource Files">
      <UniqueIdentifier>{67DA6AB6-F800-4c08-8B7A-83BB121AAD01}</UniqueIdentifier>
      <Extensions>rc;ico;cur;bmp;dlg;rc2;rct;bin;rgs;gif;jpg;jpeg;jpe;resx;tiff;tif;png;wav;mfcribbon-ms</Extensions>
    </Filter>
    <Filter Include="Source Files\Time">
      <UniqueIdentifier>{68cb9701-2554-432d-ba44-d3338f857f2c}</UniqueIdentifier>
    </Filter>
    <Filter Include="Source Files\Kernel">
      <UniqueIdentifier>{af134dd4-4d4a-48fa-882c-f772d355b117}</UniqueIdentifier>
    </Filter>
    <Filter Include="Source Files\GUI">
      <UniqueIdentifier>{157fb5cd-c6a8-4511-9380-f99f283e76d3}</UniqueIdentifier>
    </Filter>
    <Filter Include="Source Files\Graphs">
      <UniqueIdentifier>{c7f2adf2-297d-430e-ad9d-9c209424ebcf}</UniqueIdentifier>
    </Filter>
    <Filter Include="Source Files\Common">
      <UniqueIdentifier>{a3b7cde5-8dcd-400b-b12f-a6aaa469f4af}</UniqueIdentifier>
    </Filter>
    <Filter Include="Header Files\Time">
      <UniqueIdentifier>{177a9611-435c-401d-8242-5fe224cc4d0f}</UniqueIdentifier>
    </Filter>
    <Filter Include="Header Files\Common">
      <UniqueIdentifier>{d346916a-7359-4596-b961-85c9ff265e01}</UniqueIdentifier>
    </Filter>
    <Filter Include="Header Files\Graphs">
      <UniqueIdentifier>{793eafbb-0c57-4eae-a162-854d53d3b54a}</UniqueIdentifier>
    </Filter>
    <Filter Include="Header Files\GUI">
      <UniqueIdentifier>{b23bccae-2d31-45da-88e3-a75dd6434e6f}</UniqueIdentifier>
    </Filter>
    <Filter Include="Header Files\Kernel">
      <UniqueIdentifier>{700873ff-01bb-4994-8df2-8b96485d4774}</UniqueIdentifier>
    </Filter>
    <Filter Include="Source Files\Common\Fuzzy">
      <UniqueIdentifier>{1dce971c-8fe7-48da-b388-aa8c2c00e632}</UniqueIdentifier>
    </Filter>
    <Filter Include="Source Files\Graphs\Search">
      <UniqueIdentifier>{c6e068ca-20a7-4414-8c86-c663532901b7}</UniqueIdentifier>
    </Filter>
    <Filter Include="Header Files\Graphs\Search">
      <UniqueIdentifier>{91a960ae-761d-4d13-8b9c-0188a0f27a94}</UniqueIdentifier>
    </Filter>
    <Filter Include="Header Files\Common\Fuzzy">
      <UniqueIdentifier>{a1d128b1-5da2-42cc-8b9c-35f4289e5d6f}</UniqueIdentifier>
    </Filter>
    <Filter Include="Header Files\Graphics">
      <UniqueIdentifier>{2097cfe8-747e-426a-8125-2826e11e30ad}</UniqueIdentifier>
    </Filter>
    <Filter Include="Header Files\Graphics\Effects">
      <UniqueIdentifier>{bacaf20a-b3b1-488c-97d8-5e2826078834}</UniqueIdentifier>
    </Filter>
    <Filter Include="Source Files\Graphics">
      <UniqueIdentifier>{b5ff07e6-081e-4adb-a9ab-23fed95d8fd7}</UniqueIdentifier>
    </Filter>
    <Filter Include="Source Files\Graphics\Effects">
      <UniqueIdentifier>{6b7e5fff-f430-46c3-99cc-e48b9efd3027}</UniqueIdentifier>
    </Filter>
  </ItemGroup>
  <ItemGroup>
    <ClCompile Include="..\..\..\engineSource\BaseState.c">
      <Filter>Source Files</Filter>
    </ClCompile>
    <ClCompile Include="..\..\..\engineSource\Camera.c">
      <Filter>Source Files</Filter>
    </ClCompile>
    <ClCompile Include="..\..\..\engineSource\Collision.c">
      <Filter>Source Files</Filter>
    </ClCompile>
    <ClCompile Include="..\..\..\engineSource\Controls.c">
      <Filter>Source Files</Filter>
    </ClCompile>
    <ClCompile Include="..\..\..\engineSource\DataStruct.c">
      <Filter>Source Files</Filter>
    </ClCompile>
    <ClCompile Include="..\..\..\engineSource\File.c">
      <Filter>Source Files</Filter>
    </ClCompile>
    <ClCompile Include="..\..\..\engineSource\Flag.c">
      <Filter>Source Files</Filter>
    </ClCompile>
    <ClCompile Include="..\..\..\engineSource\Font.c">
      <Filter>Source Files</Filter>
    </ClCompile>
    <ClCompile Include="..\..\..\engineSource\Maths.c">
      <Filter>Source Files</Filter>
    </ClCompile>
    <ClCompile Include="..\..\..\engineSource\Memory.c">
      <Filter>Source Files</Filter>
    </ClCompile>
    <ClCompile Include="..\..\..\engineSource\RK4.c">
      <Filter>Source Files</Filter>
    </ClCompile>
    <ClCompile Include="..\..\..\engineSource\Screenshot.c">
      <Filter>Source Files</Filter>
    </ClCompile>
    <ClCompile Include="..\..\..\engineSource\Sound.c">
      <Filter>Source Files</Filter>
    </ClCompile>
    <ClCompile Include="..\..\..\engineSource\Vector2D.c">
      <Filter>Source Files</Filter>
    </ClCompile>
    <ClCompile Include="..\..\..\engineSource\Vector2DInt.c">
      <Filter>Source Files</Filter>
    </ClCompile>
    <ClCompile Include="..\..\..\engineSource\Time\Timer.c">
      <Filter>Source Files\Time</Filter>
    </ClCompile>
    <ClCompile Include="..\..\..\engineSource\Time\Fps.c">
      <Filter>Source Files\Time</Filter>
    </ClCompile>
    <ClCompile Include="..\..\..\engineSource\Common\HashTable.c">
      <Filter>Source Files\Common</Filter>
    </ClCompile>
    <ClCompile Include="..\..\..\engineSource\Common\List.c">
      <Filter>Source Files\Common</Filter>
    </ClCompile>
    <ClCompile Include="..\..\..\engineSource\Common\ListWatcher.c">
      <Filter>Source Files\Common</Filter>
    </ClCompile>
    <ClCompile Include="..\..\..\engineSource\Common\Fuzzy\FuzzyLV.c">
      <Filter>Source Files\Common\Fuzzy</Filter>
    </ClCompile>
    <ClCompile Include="..\..\..\engineSource\Common\Fuzzy\FuzzyManager.c">
      <Filter>Source Files\Common\Fuzzy</Filter>
    </ClCompile>
    <ClCompile Include="..\..\..\engineSource\Common\Fuzzy\FuzzySet.c">
      <Filter>Source Files\Common\Fuzzy</Filter>
    </ClCompile>
    <ClCompile Include="..\..\..\engineSource\Graphs\Edge.c">
      <Filter>Source Files\Graphs</Filter>
    </ClCompile>
    <ClCompile Include="..\..\..\engineSource\Graphs\Graph.c">
      <Filter>Source Files\Graphs</Filter>
    </ClCompile>
    <ClCompile Include="..\..\..\engineSource\Graphs\Node.c">
      <Filter>Source Files\Graphs</Filter>
    </ClCompile>
    <ClCompile Include="..\..\..\engineSource\Graphs\Search\DijkstraSearch.c">
      <Filter>Source Files\Graphs\Search</Filter>
    </ClCompile>
    <ClCompile Include="..\..\..\engineSource\GUI\Button.c">
      <Filter>Source Files\GUI</Filter>
    </ClCompile>
    <ClCompile Include="..\..\..\engineSource\GUI\ButtonChain.c">
      <Filter>Source Files\GUI</Filter>
    </ClCompile>
    <ClCompile Include="..\..\..\engineSource\GUI\ButtonChooser.c">
      <Filter>Source Files\GUI</Filter>
    </ClCompile>
    <ClCompile Include="..\..\..\engineSource\GUI\ButtonFunc.c">
      <Filter>Source Files\GUI</Filter>
    </ClCompile>
    <ClCompile Include="..\..\..\engineSource\GUI\ButtonPaths.c">
      <Filter>Source Files\GUI</Filter>
    </ClCompile>
    <ClCompile Include="..\..\..\engineSource\GUI\ButtonScroll.c">
      <Filter>Source Files\GUI</Filter>
    </ClCompile>
    <ClCompile Include="..\..\..\engineSource\GUI\Pointer.c">
      <Filter>Source Files\GUI</Filter>
    </ClCompile>
    <ClCompile Include="..\..\..\engineSource\GUI\Spine.c">
      <Filter>Source Files\GUI</Filter>
    </ClCompile>
    <ClCompile Include="..\..\..\engineSource\GUI\SpineEntity.c">
      <Filter>Source Files\GUI</Filter>
    </ClCompile>
    <ClCompile Include="..\..\..\engineSource\GUI\TextBox.c">
      <Filter>Source Files\GUI</Filter>
    </ClCompile>
    <ClCompile Include="..\..\..\engineSource\GUI\TextInput.c">
      <Filter>Source Files\GUI</Filter>
    </ClCompile>
    <ClCompile Include="..\..\..\engineSource\GUI\UiShape.c">
      <Filter>Source Files\GUI</Filter>
    </ClCompile>
    <ClCompile Include="..\..\..\engineSource\Kernel\Kernel.c">
      <Filter>Source Files\Kernel</Filter>
    </ClCompile>
    <ClCompile Include="..\..\..\engineSource\Kernel\Kernel_Init.c">
      <Filter>Source Files\Kernel</Filter>
    </ClCompile>
    <ClCompile Include="..\..\..\engineSource\Kernel\Kernel_State.c">
      <Filter>Source Files\Kernel</Filter>
    </ClCompile>
    <ClCompile Include="..\..\..\engineSource\Graphics\Animation.c">
      <Filter>Source Files\Graphics</Filter>
    </ClCompile>
    <ClCompile Include="..\..\..\engineSource\Graphics\DrawManager.c">
      <Filter>Source Files\Graphics</Filter>
    </ClCompile>
    <ClCompile Include="..\..\..\engineSource\Graphics\Graphics.c">
      <Filter>Source Files\Graphics</Filter>
    </ClCompile>
    <ClCompile Include="..\..\..\engineSource\Graphics\Pixel.c">
      <Filter>Source Files\Graphics</Filter>
    </ClCompile>
    <ClCompile Include="..\..\..\engineSource\Graphics\PixelManager.c">
      <Filter>Source Files\Graphics</Filter>
    </ClCompile>
    <ClCompile Include="..\..\..\engineSource\Graphics\Sprite.c">
      <Filter>Source Files\Graphics</Filter>
    </ClCompile>
    <ClCompile Include="..\..\..\engineSource\Graphics\SpriteEffects.c">
      <Filter>Source Files\Graphics</Filter>
    </ClCompile>
    <ClCompile Include="..\..\..\engineSource\Graphics\SpriteManager.c">
      <Filter>Source Files\Graphics</Filter>
    </ClCompile>
    <ClCompile Include="..\..\..\engineSource\Graphics\Surface.c">
      <Filter>Source Files\Graphics</Filter>
    </ClCompile>
    <ClCompile Include="..\..\..\engineSource\Graphics\SurfaceManager.c">
      <Filter>Source Files\Graphics</Filter>
    </ClCompile>
    <ClCompile Include="..\..\..\engineSource\Graphics\Effects\Blink.c">
      <Filter>Source Files\Graphics\Effects</Filter>
    </ClCompile>
    <ClCompile Include="..\..\..\engineSource\Graphics\Effects\FadeIn.c">
      <Filter>Source Files\Graphics\Effects</Filter>
    </ClCompile>
    <ClCompile Include="..\..\..\engineSource\Graphics\Effects\FadeOut.c">
      <Filter>Source Files\Graphics\Effects</Filter>
    </ClCompile>
    <ClCompile Include="..\..\..\engineSource\Graphics\Effects\Slide.c">
      <Filter>Source Files\Graphics\Effects</Filter>
    </ClCompile>
  </ItemGroup>
  <ItemGroup>
    <ClInclude Include="..\..\..\engineSource\BaseState.h">
      <Filter>Header Files</Filter>
    </ClInclude>
    <ClInclude Include="..\..\..\engineSource\Camera.h">
      <Filter>Header Files</Filter>
    </ClInclude>
    <ClInclude Include="..\..\..\engineSource\Collision.h">
      <Filter>Header Files</Filter>
    </ClInclude>
    <ClInclude Include="..\..\..\engineSource\Controls.h">
      <Filter>Header Files</Filter>
    </ClInclude>
    <ClInclude Include="..\..\..\engineSource\DataStruct.h">
      <Filter>Header Files</Filter>
    </ClInclude>
    <ClInclude Include="..\..\..\engineSource\File.h">
      <Filter>Header Files</Filter>
    </ClInclude>
    <ClInclude Include="..\..\..\engineSource\Flag.h">
      <Filter>Header Files</Filter>
    </ClInclude>
    <ClInclude Include="..\..\..\engineSource\Font.h">
      <Filter>Header Files</Filter>
    </ClInclude>
    <ClInclude Include="..\..\..\engineSource\Maths.h">
      <Filter>Header Files</Filter>
    </ClInclude>
    <ClInclude Include="..\..\..\engineSource\Memory.h">
      <Filter>Header Files</Filter>
    </ClInclude>
    <ClInclude Include="..\..\..\engineSource\RK4.h">
      <Filter>Header Files</Filter>
    </ClInclude>
    <ClInclude Include="..\..\..\engineSource\Screenshot.h">
      <Filter>Header Files</Filter>
    </ClInclude>
    <ClInclude Include="..\..\..\engineSource\Sound.h">
      <Filter>Header Files</Filter>
    </ClInclude>
    <ClInclude Include="..\..\..\engineSource\Vector2D.h">
      <Filter>Header Files</Filter>
    </ClInclude>
    <ClInclude Include="..\..\..\engineSource\Vector2DInt.h">
      <Filter>Header Files</Filter>
    </ClInclude>
    <ClInclude Include="..\..\..\engineSource\Time\Fps.h">
      <Filter>Header Files\Time</Filter>
    </ClInclude>
    <ClInclude Include="..\..\..\engineSource\Time\Timer.h">
      <Filter>Header Files\Time</Filter>
    </ClInclude>
    <ClInclude Include="..\..\..\engineSource\Kernel\Kernel.h">
      <Filter>Header Files\Kernel</Filter>
    </ClInclude>
    <ClInclude Include="..\..\..\engineSource\Kernel\Kernel_Init.h">
      <Filter>Header Files\Kernel</Filter>
    </ClInclude>
    <ClInclude Include="..\..\..\engineSource\Kernel\Kernel_State.h">
      <Filter>Header Files\Kernel</Filter>
    </ClInclude>
    <ClInclude Include="..\..\..\engineSource\GUI\Button.h">
      <Filter>Header Files\GUI</Filter>
    </ClInclude>
    <ClInclude Include="..\..\..\engineSource\GUI\ButtonChain.h">
      <Filter>Header Files\GUI</Filter>
    </ClInclude>
    <ClInclude Include="..\..\..\engineSource\GUI\ButtonChooser.h">
      <Filter>Header Files\GUI</Filter>
    </ClInclude>
    <ClInclude Include="..\..\..\engineSource\GUI\ButtonFunc.h">
      <Filter>Header Files\GUI</Filter>
    </ClInclude>
    <ClInclude Include="..\..\..\engineSource\GUI\ButtonPaths.h">
      <Filter>Header Files\GUI</Filter>
    </ClInclude>
    <ClInclude Include="..\..\..\engineSource\GUI\ButtonScroll.h">
      <Filter>Header Files\GUI</Filter>
    </ClInclude>
    <ClInclude Include="..\..\..\engineSource\GUI\Pointer.h">
      <Filter>Header Files\GUI</Filter>
    </ClInclude>
    <ClInclude Include="..\..\..\engineSource\GUI\Spine.h">
      <Filter>Header Files\GUI</Filter>
    </ClInclude>
    <ClInclude Include="..\..\..\engineSource\GUI\SpineEntity.h">
      <Filter>Header Files\GUI</Filter>
    </ClInclude>
    <ClInclude Include="..\..\..\engineSource\GUI\TextBox.h">
      <Filter>Header Files\GUI</Filter>
    </ClInclude>
    <ClInclude Include="..\..\..\engineSource\GUI\TextInput.h">
      <Filter>Header Files\GUI</Filter>
    </ClInclude>
    <ClInclude Include="..\..\..\engineSource\GUI\UI_Defines.h">
      <Filter>Header Files\GUI</Filter>
    </ClInclude>
    <ClInclude Include="..\..\..\engineSource\GUI\UiShape.h">
      <Filter>Header Files\GUI</Filter>
    </ClInclude>
    <ClInclude Include="..\..\..\engineSource\Graphs\Edge.h">
      <Filter>Header Files\Graphs</Filter>
    </ClInclude>
    <ClInclude Include="..\..\..\engineSource\Graphs\Graph.h">
      <Filter>Header Files\Graphs</Filter>
    </ClInclude>
    <ClInclude Include="..\..\..\engineSource\Graphs\Node.h">
      <Filter>Header Files\Graphs</Filter>
    </ClInclude>
    <ClInclude Include="..\..\..\engineSource\Graphs\Search\DijkstraSearch.h">
      <Filter>Header Files\Graphs\Search</Filter>
    </ClInclude>
    <ClInclude Include="..\..\..\engineSource\Common\HashTable.h">
      <Filter>Header Files\Common</Filter>
    </ClInclude>
    <ClInclude Include="..\..\..\engineSource\Common\List.h">
      <Filter>Header Files\Common</Filter>
    </ClInclude>
    <ClInclude Include="..\..\..\engineSource\Common\ListWatcher.h">
      <Filter>Header Files\Common</Filter>
    </ClInclude>
    <ClInclude Include="..\..\..\engineSource\Common\Fuzzy\FuzzyLV.h">
      <Filter>Header Files\Common\Fuzzy</Filter>
    </ClInclude>
    <ClInclude Include="..\..\..\engineSource\Common\Fuzzy\FuzzyManager.h">
      <Filter>Header Files\Common\Fuzzy</Filter>
    </ClInclude>
    <ClInclude Include="..\..\..\engineSource\Common\Fuzzy\FuzzySet.h">
      <Filter>Header Files\Common\Fuzzy</Filter>
    </ClInclude>
    <ClInclude Include="..\..\..\engineSource\Graphics\Animation.h">
      <Filter>Header Files\Graphics</Filter>
    </ClInclude>
    <ClInclude Include="..\..\..\engineSource\Graphics\DrawManager.h">
      <Filter>Header Files\Graphics</Filter>
    </ClInclude>
    <ClInclude Include="..\..\..\engineSource\Graphics\Graphics.h">
      <Filter>Header Files\Graphics</Filter>
    </ClInclude>
    <ClInclude Include="..\..\..\engineSource\Graphics\Pixel.h">
      <Filter>Header Files\Graphics</Filter>
    </ClInclude>
    <ClInclude Include="..\..\..\engineSource\Graphics\PixelManager.h">
      <Filter>Header Files\Graphics</Filter>
    </ClInclude>
    <ClInclude Include="..\..\..\engineSource\Graphics\Sprite.h">
      <Filter>Header Files\Graphics</Filter>
    </ClInclude>
    <ClInclude Include="..\..\..\engineSource\Graphics\SpriteEffects.h">
      <Filter>Header Files\Graphics</Filter>
    </ClInclude>
    <ClInclude Include="..\..\..\engineSource\Graphics\SpriteManager.h">
      <Filter>Header Files\Graphics</Filter>
    </ClInclude>
    <ClInclude Include="..\..\..\engineSource\Graphics\Surface.h">
      <Filter>Header Files\Graphics</Filter>
    </ClInclude>
    <ClInclude Include="..\..\..\engineSource\Graphics\SurfaceManager.h">
      <Filter>Header Files\Graphics</Filter>
    </ClInclude>
    <ClInclude Include="..\..\..\engineSource\Graphics\Effects\Blink.h">
      <Filter>Header Files\Graphics\Effects</Filter>
    </ClInclude>
    <ClInclude Include="..\..\..\engineSource\Graphics\Effects\FadeIn.h">
      <Filter>Header Files\Graphics\Effects</Filter>
    </ClInclude>
    <ClInclude Include="..\..\..\engineSource\Graphics\Effects\FadeOut.h">
      <Filter>Header Files\Graphics\Effects</Filter>
    </ClInclude>
    <ClInclude Include="..\..\..\engineSource\Graphics\Effects\Slide.h">
      <Filter>Header Files\Graphics\Effects</Filter>
    </ClInclude>
  </ItemGroup>
</Project>